PODS:
  - Nimble (7.3.2)
  - Quick (1.3.4)

DEPENDENCIES:
  - Nimble
  - Quick

SPEC REPOS:
  https://github.com/cocoapods/specs.git:
    - Nimble
    - Quick

SPEC CHECKSUMS:
  Nimble: 5e94a8cacb355943c6c87198035dc4adbb0f10e4
  Quick: f4f7f063c524394c73ed93ac70983c609805d481

PODFILE CHECKSUM: f11f01deccd575f05ef53f51346b2e499d9f71bf

COCOAPODS: 1.5.3
